
Microsoft Visual Studio Solution File, Format Version 12.00
# Visual Studio 15
VisualStudioVersion = 15.0.28010.2041
MinimumVisualStudioVersion = 10.0.40219.1
Project("{9A19103F-16F7-4668-BE54-9A1E7A4F7556}") = "TestBibleForum", "TestBibleForum\TestBibleForum.csproj", "{41F7B856-0F0C-491D-A1DE-527E11903F95}"
EndProject
Project("{9A19103F-16F7-4668-BE54-9A1E7A4F7556}") = "TestBibleForum.Data", "TestBibleForum.Data\TestBibleForum.Data.csproj", "{1E3908AB-3548-4C45-926B-52D5BC53FD05}"
EndProject
Project("{FAE04EC0-301F-11D3-BF4B-00C04F79EFBC}") = "TestBibleForum.Service", "TestBibleForum.Service\TestBibleForum.Service.csproj", "{59E3CC85-B109-4D58-9D06-20CFDE6D5202}"
EndProject
Global
	GlobalSection(SolutionConfigurationPlatforms) = preSolution
		Debug|Any CPU = Debug|Any CPU
		Release|Any CPU = Release|Any CPU
	EndGlobalSection
	GlobalSection(ProjectConfigurationPlatforms) = postSolution
		{41F7B856-0F0C-491D-A1DE-527E11903F95}.Debug|Any CPU.ActiveCfg = Debug|Any CPU
		{41F7B856-0F0C-491D-A1DE-527E11903F95}.Debug|Any CPU.Build.0 = Debug|Any CPU
		{41F7B856-0F0C-491D-A1DE-527E11903F95}.Release|Any CPU.ActiveCfg = Release|Any CPU
		{41F7B856-0F0C-491D-A1DE-527E11903F95}.Release|Any CPU.Build.0 = Release|Any CPU
		{1E3908AB-3548-4C45-926B-52D5BC53FD05}.Debug|Any CPU.ActiveCfg = Debug|Any CPU
		{1E3908AB-3548-4C45-926B-52D5BC53FD05}.Debug|Any CPU.Build.0 = Debug|Any CPU
		{1E3908AB-3548-4C45-926B-52D5BC53FD05}.Release|Any CPU.ActiveCfg = Release|Any CPU
		{1E3908AB-3548-4C45-926B-52D5BC53FD05}.Release|Any CPU.Build.0 = Release|Any CPU
		{59E3CC85-B109-4D58-9D06-20CFDE6D5202}.Debug|Any CPU.ActiveCfg = Debug|Any CPU
		{59E3CC85-B109-4D58-9D06-20CFDE6D5202}.Debug|Any CPU.Build.0 = Debug|Any CPU
		{59E3CC85-B109-4D58-9D06-20CFDE6D5202}.Release|Any CPU.ActiveCfg = Release|Any CPU
		{59E3CC85-B109-4D58-9D06-20CFDE6D5202}.Release|Any CPU.Build.0 = Release|Any CPU
	EndGlobalSection
	GlobalSection(SolutionProperties) = preSolution
		HideSolutionNode = FALSE
	EndGlobalSection
	GlobalSection(ExtensibilityGlobals) = postSolution
		SolutionGuid = {38FCD9E3-6A90-4477-860E-8CA395F5B8FF}
	EndGlobalSection
EndGlobal
